// !$*UTF8*$!
{
	archiveVersion = 1;
	classes = {
	};
	objectVersion = 50;
	objects = {

/* Begin PBXBuildFile section */
		60C7DC622224E01800205D86 /* AppDelegate.swift in Sources */ = {isa = PBXBuildFile; fileRef = 60C7DC612224E01800205D86 /* AppDelegate.swift */; };
		60C7DC672224E01800205D86 /* Main.storyboard in Resources */ = {isa = PBXBuildFile; fileRef = 60C7DC652224E01800205D86 /* Main.storyboard */; };
		60C7DC692224E01900205D86 /* Assets.xcassets in Resources */ = {isa = PBXBuildFile; fileRef = 60C7DC682224E01900205D86 /* Assets.xcassets */; };
		60C7DC6C2224E01900205D86 /* LaunchScreen.storyboard in Resources */ = {isa = PBXBuildFile; fileRef = 60C7DC6A2224E01900205D86 /* LaunchScreen.storyboard */; };
		60C7DC742224E06000205D86 /* AddBookViewController.swift in Sources */ = {isa = PBXBuildFile; fileRef = 60C7DC732224E05F00205D86 /* AddBookViewController.swift */; };
		60C7DC7A2224E06700205D86 /* BookService.swift in Sources */ = {isa = PBXBuildFile; fileRef = 60C7DC752224E06700205D86 /* BookService.swift */; };
		60C7DC7B2224E06700205D86 /* BookCategory.swift in Sources */ = {isa = PBXBuildFile; fileRef = 60C7DC762224E06700205D86 /* BookCategory.swift */; };
		60C7DC7C2224E06700205D86 /* BookTableViewCell.swift in Sources */ = {isa = PBXBuildFile; fileRef = 60C7DC772224E06700205D86 /* BookTableViewCell.swift */; };
		60C7DC7D2224E06700205D86 /* BooksViewController.swift in Sources */ = {isa = PBXBuildFile; fileRef = 60C7DC782224E06700205D86 /* BooksViewController.swift */; };
		60C7DC7E2224E06700205D86 /* Book.swift in Sources */ = {isa = PBXBuildFile; fileRef = 60C7DC792224E06700205D86 /* Book.swift */; };
		60C7DC802224E06E00205D86 /* SettingsViewController.swift in Sources */ = {isa = PBXBuildFile; fileRef = 60C7DC7F2224E06E00205D86 /* SettingsViewController.swift */; };
/* End PBXBuildFile section */

/* Begin PBXFileReference section */
		60C7DC5E2224E01800205D86 /* BookList.app */ = {isa = PBXFileReference; explicitFileType = wrapper.application; includeInIndex = 0; path = BookList.app; sourceTree = BUILT_PRODUCTS_DIR; };
		60C7DC612224E01800205D86 /* AppDelegate.swift */ = {isa = PBXFileReference; lastKnownFileType = sourcecode.swift; path = AppDelegate.swift; sourceTree = "<group>"; };
		60C7DC662224E01800205D86 /* Base */ = {isa = PBXFileReference; lastKnownFileType = file.storyboard; name = Base; path = Base.lproj/Main.storyboard; sourceTree = "<group>"; };
		60C7DC682224E01900205D86 /* Assets.xcassets */ = {isa = PBXFileReference; lastKnownFileType = folder.assetcatalog; path = Assets.xcassets; sourceTree = "<group>"; };
		60C7DC6B2224E01900205D86 /* Base */ = {isa = PBXFileReference; lastKnownFileType = file.storyboard; name = Base; path = Base.lproj/LaunchScreen.storyboard; sourceTree = "<group>"; };
		60C7DC6D2224E01900205D86 /* Info.plist */ = {isa = PBXFileReference; lastKnownFileType = text.plist.xml; path = Info.plist; sourceTree = "<group>"; };
		60C7DC732224E05F00205D86 /* AddBookViewController.swift */ = {isa = PBXFileReference; fileEncoding = 4; lastKnownFileType = sourcecode.swift; path = AddBookViewController.swift; sourceTree = "<group>"; };
		60C7DC752224E06700205D86 /* BookService.swift */ = {isa = PBXFileReference; fileEncoding = 4; lastKnownFileType = sourcecode.swift; path = BookService.swift; sourceTree = "<group>"; };
		60C7DC762224E06700205D86 /* BookCategory.swift */ = {isa = PBXFileReference; fileEncoding = 4; lastKnownFileType = sourcecode.swift; path = BookCategory.swift; sourceTree = "<group>"; };
		60C7DC772224E06700205D86 /* BookTableViewCell.swift */ = {isa = PBXFileReference; fileEncoding = 4; lastKnownFileType = sourcecode.swift; path = BookTableViewCell.swift; sourceTree = "<group>"; };
		60C7DC782224E06700205D86 /* BooksViewController.swift */ = {isa = PBXFileReference; fileEncoding = 4; lastKnownFileType = sourcecode.swift; path = BooksViewController.swift; sourceTree = "<group>"; };
		60C7DC792224E06700205D86 /* Book.swift */ = {isa = PBXFileReference; fileEncoding = 4; lastKnownFileType = sourcecode.swift; path = Book.swift; sourceTree = "<group>"; };
		60C7DC7F2224E06E00205D86 /* SettingsViewController.swift */ = {isa = PBXFileReference; fileEncoding = 4; lastKnownFileType = sourcecode.swift; path = SettingsViewController.swift; sourceTree = "<group>"; };
/* End PBXFileReference section */

/* Begin PBXFrameworksBuildPhase section */
		60C7DC5B2224E01800205D86 /* Frameworks */ = {
			isa = PBXFrameworksBuildPhase;
			buildActionMask = 2147483647;
			files = (
			);
			runOnlyForDeploymentPostprocessing = 0;
		};
/* End PBXFrameworksBuildPhase section */

/* Begin PBXGroup section */
		60C7DC552224E01800205D86 = {
			isa = PBXGroup;
			children = (
				60C7DC602224E01800205D86 /* BookList */,
				60C7DC5F2224E01800205D86 /* Products */,
			);
			sourceTree = "<group>";
		};
		60C7DC5F2224E01800205D86 /* Products */ = {
			isa = PBXGroup;
			children = (
				60C7DC5E2224E01800205D86 /* BookList.app */,
			);
			name = Products;
			sourceTree = "<group>";
		};
		60C7DC602224E01800205D86 /* BookList */ = {
			isa = PBXGroup;
			children = (
				60C7DC832224E19600205D86 /* Model */,
				60C7DC822224E18F00205D86 /* View */,
				60C7DC812224E18600205D86 /* Controller */,
				60C7DC652224E01800205D86 /* Main.storyboard */,
				60C7DC682224E01900205D86 /* Assets.xcassets */,
				60C7DC612224E01800205D86 /* AppDelegate.swift */,
				60C7DC6A2224E01900205D86 /* LaunchScreen.storyboard */,
				60C7DC6D2224E01900205D86 /* Info.plist */,
			);
			path = BookList;
			sourceTree = "<group>";
		};
		60C7DC812224E18600205D86 /* Controller */ = {
			isa = PBXGroup;
			children = (
				60C7DC782224E06700205D86 /* BooksViewController.swift */,
				60C7DC7F2224E06E00205D86 /* SettingsViewController.swift */,
				60C7DC732224E05F00205D86 /* AddBookViewController.swift */,
			);
			path = Controller;
			sourceTree = "<group>";
		};
		60C7DC822224E18F00205D86 /* View */ = {
			isa = PBXGroup;
			children = (
				60C7DC772224E06700205D86 /* BookTableViewCell.swift */,
			);
			path = View;
			sourceTree = "<group>";
		};
		60C7DC832224E19600205D86 /* Model */ = {
			isa = PBXGroup;
			children = (
				60C7DC752224E06700205D86 /* BookService.swift */,
				60C7DC792224E06700205D86 /* Book.swift */,
				60C7DC762224E06700205D86 /* BookCategory.swift */,
			);
			path = Model;
			sourceTree = "<group>";
		};
/* End PBXGroup section */

/* Begin PBXNativeTarget section */
		60C7DC5D2224E01800205D86 /* BookList */ = {
			isa = PBXNativeTarget;
			buildConfigurationList = 60C7DC702224E01900205D86 /* Build configuration list for PBXNativeTarget "BookList" */;
			buildPhases = (
				60C7DC5A2224E01800205D86 /* Sources */,
				60C7DC5B2224E01800205D86 /* Frameworks */,
				60C7DC5C2224E01800205D86 /* Resources */,
			);
			buildRules = (
			);
			dependencies = (
			);
			name = BookList;
			productName = BookList;
			productReference = 60C7DC5E2224E01800205D86 /* BookList.app */;
			productType = "com.apple.product-type.application";
		};
/* End PBXNativeTarget section */

/* Begin PBXProject section */
		60C7DC562224E01800205D86 /* Project object */ = {
			isa = PBXProject;
			attributes = {
				LastSwiftUpdateCheck = 1010;
				LastUpgradeCheck = 1010;
				ORGANIZATIONNAME = "Susan Stevens";
				TargetAttributes = {
					60C7DC5D2224E01800205D86 = {
						CreatedOnToolsVersion = 10.1;
					};
				};
			};
			buildConfigurationList = 60C7DC592224E01800205D86 /* Build configuration list for PBXProject "BookList" */;
			compatibilityVersion = "Xcode 9.3";
			developmentRegion = en;
			hasScannedForEncodings = 0;
			knownRegions = (
				en,
				Base,
			);
			mainGroup = 60C7DC552224E01800205D86;
			productRefGroup = 60C7DC5F2224E01800205D86 /* Products */;
			projectDirPath = "";
			projectRoot = "";
			targets = (
				60C7DC5D2224E01800205D86 /* BookList */,
			);
		};
/* End PBXProject section */

/* Begin PBXResourcesBuildPhase section */
		60C7DC5C2224E01800205D86 /* Resources */ = {
			isa = PBXResourcesBuildPhase;
			buildActionMask = 2147483647;
			files = (
				60C7DC6C2224E01900205D86 /* LaunchScreen.storyboard in Resources */,
				60C7DC692224E01900205D86 /* Assets.xcassets in Resources */,
				60C7DC672224E01800205D86 /* Main.storyboard in Resources */,
			);
			runOnlyForDeploymentPostprocessing = 0;
		};
/* End PBXResourcesBuildPhase section */

/* Begin PBXSourcesBuildPhase section */
		60C7DC5A2224E01800205D86 /* Sources */ = {
			isa = PBXSourcesBuildPhase;
			buildActionMask = 2147483647;
			files = (
				60C7DC7E2224E06700205D86 /* Book.swift in Sources */,
				60C7DC7A2224E06700205D86 /* BookService.swift in Sources */,
				60C7DC7B2224E06700205D86 /* BookCategory.swift in Sources */,
				60C7DC742224E06000205D86 /* AddBookViewController.swift in Sources */,
				60C7DC7C2224E06700205D86 /* BookTableViewCell.swift in Sources */,
				60C7DC622224E01800205D86 /* AppDelegate.swift in Sources */,
				60C7DC7D2224E06700205D86 /* BooksViewController.swift in Sources */,
				60C7DC802224E06E00205D86 /* SettingsViewController.swift in Sources */,
			);
			runOnlyForDeploymentPostprocessing = 0;
		};
/* End PBXSourcesBuildPhase section */

/* Begin PBXVariantGroup section */
		60C7DC652224E01800205D86 /* Main.storyboard */ = {
			isa = PBXVariantGroup;
			children = (
				60C7DC662224E01800205D86 /* Base */,
			);
			name = Main.storyboard;
			sourceTree = "<group>";
		};
		60C7DC6A2224E01900205D86 /* LaunchScreen.storyboard */ = {
			isa = PBXVariantGroup;
			children = (
				60C7DC6B2224E01900205D86 /* Base */,
			);
			name = LaunchScreen.storyboard;
			sourceTree = "<group>";
		};
/* End PBXVariantGroup section */

/* Begin XCBuildConfiguration section */
		60C7DC6E2224E01900205D86 /* Debug */ = {
			isa = XCBuildConfiguration;
			buildSettings = {
				ALWAYS_SEARCH_USER_PATHS = NO;
				CLANG_ANALYZER_NONNULL = YES;
				CLANG_ANALYZER_NUMBER_OBJECT_CONVERSION = YES_AGGRESSIVE;
				CLANG_CXX_LANGUAGE_STANDARD = "gnu++14";
				CLANG_CXX_LIBRARY = "libc++";
				CLANG_ENABLE_MODULES = YES;
				CLANG_ENABLE_OBJC_ARC = YES;
				CLANG_ENABLE_OBJC_WEAK = YES;
				CLANG_WARN_BLOCK_CAPTURE_AUTORELEASING = YES;
				CLANG_WARN_BOOL_CONVERSION = YES;
				CLANG_WARN_COMMA = YES;
				CLANG_WARN_CONSTANT_CONVERSION = YES;
				CLANG_WARN_DEPRECATED_OBJC_IMPLEMENTATIONS = YES;
				CLANG_WARN_DIRECT_OBJC_ISA_USAGE = YES_ERROR;
				CLANG_WARN_DOCUMENTATION_COMMENTS = YES;
				CLANG_WARN_EMPTY_BODY = YES;
				CLANG_WARN_ENUM_CONVERSION = YES;
				CLANG_WARN_INFINITE_RECURSION = YES;
				CLANG_WARN_INT_CONVERSION = YES;
				CLANG_WARN_NON_LITERAL_NULL_CONVERSION = YES;
				CLANG_WARN_OBJC_IMPLICIT_RETAIN_SELF = YES;
				CLANG_WARN_OBJC_LITERAL_CONVERSION = YES;
				CLANG_WARN_OBJC_ROOT_CLASS = YES_ERROR;
				CLANG_WARN_RANGE_LOOP_ANALYSIS = YES;
				CLANG_WARN_STRICT_PROTOTYPES = YES;
				CLANG_WARN_SUSPICIOUS_MOVE = YES;
				CLANG_WARN_UNGUARDED_AVAILABILITY = YES_AGGRESSIVE;
				CLANG_WARN_UNREACHABLE_CODE = YES;
				CLANG_WARN__DUPLICATE_METHOD_MATCH = YES;
				CODE_SIGN_IDENTITY = "iPhone Developer";
				COPY_PHASE_STRIP = NO;
				DEBUG_INFORMATION_FORMAT = dwarf;
				ENABLE_STRICT_OBJC_MSGSEND = YES;
				ENABLE_TESTABILITY = YES;
				GCC_C_LANGUAGE_STANDARD = gnu11;
				GCC_DYNAMIC_NO_PIC = NO;
				GCC_NO_COMMON_BLOCKS = YES;
				GCC_OPTIMIZATION_LEVEL = 0;
				GCC_PREPROCESSOR_DEFINITIONS = (
					"DEBUG=1",
					"$(inherited)",
				);
				GCC_WARN_64_TO_32_BIT_CONVERSION = YES;
				GCC_WARN_ABOUT_RETURN_TYPE = YES_ERROR;
				GCC_WARN_UNDECLARED_SELECTOR = YES;
				GCC_WARN_UNINITIALIZED_AUTOS = YES_AGGRESSIVE;
				GCC_WARN_UNUSED_FUNCTION = YES;
				GCC_WARN_UNUSED_VARIABLE = YES;
				IPHONEOS_DEPLOYMENT_TARGET = 12.1;
				MTL_ENABLE_DEBUG_INFO = INCLUDE_SOURCE;
				MTL_FAST_MATH = YES;
				ONLY_ACTIVE_ARCH = YES;
				SDKROOT = iphoneos;
				SWIFT_ACTIVE_COMPILATION_CONDITIONS = DEBUG;
				SWIFT_OPTIMIZATION_LEVEL = "-Onone";
			};
			name = Debug;
		};
		60C7DC6F2224E01900205D86 /* Release */ = {
			isa = XCBuildConfiguration;
			buildSettings = {
				ALWAYS_SEARCH_USER_PATHS = NO;
				CLANG_ANALYZER_NONNULL = YES;
				CLANG_ANALYZER_NUMBER_OBJECT_CONVERSION = YES_AGGRESSIVE;
				CLANG_CXX_LANGUAGE_STANDARD = "gnu++14";
				CLANG_CXX_LIBRARY = "libc++";
				CLANG_ENABLE_MODULES = YES;
				CLANG_ENABLE_OBJC_ARC = YES;
				CLANG_ENABLE_OBJC_WEAK = YES;
				CLANG_WARN_BLOCK_CAPTURE_AUTORELEASING = YES;
				CLANG_WARN_BOOL_CONVERSION = YES;
				CLANG_WARN_COMMA = YES;
				CLANG_WARN_CONSTANT_CONVERSION = YES;
				CLANG_WARN_DEPRECATED_OBJC_IMPLEMENTATIONS = YES;
				CLANG_WARN_DIRECT_OBJC_ISA_USAGE = YES_ERROR;
				CLANG_WARN_DOCUMENTATION_COMMENTS = YES;
				CLANG_WARN_EMPTY_BODY = YES;
				CLANG_WARN_ENUM_CONVERSION = YES;
				CLANG_WARN_INFINITE_RECURSION = YES;
				CLANG_WARN_INT_CONVERSION = YES;
				CLANG_WARN_NON_LITERAL_NULL_CONVERSION = YES;
				CLANG_WARN_OBJC_IMPLICIT_RETAIN_SELF = YES;
				CLANG_WARN_OBJC_LITERAL_CONVERSION = YES;
				CLANG_WARN_OBJC_ROOT_CLASS = YES_ERROR;
				CLANG_WARN_RANGE_LOOP_ANALYSIS = YES;
				CLANG_WARN_STRICT_PROTOTYPES = YES;
				CLANG_WARN_SUSPICIOUS_MOVE = YES;
				CLANG_WARN_UNGUARDED_AVAILABILITY = YES_AGGRESSIVE;
				CLANG_WARN_UNREACHABLE_CODE = YES;
				CLANG_WARN__DUPLICATE_METHOD_MATCH = YES;
				CODE_SIGN_IDENTITY = "iPhone Developer";
				COPY_PHASE_STRIP = NO;
				DEBUG_INFORMATION_FORMAT = "dwarf-with-dsym";
				ENABLE_NS_ASSERTIONS = NO;
				ENABLE_STRICT_OBJC_MSGSEND = YES;
				GCC_C_LANGUAGE_STANDARD = gnu11;
				GCC_NO_COMMON_BLOCKS = YES;
				GCC_WARN_64_TO_32_BIT_CONVERSION = YES;
				GCC_WARN_ABOUT_RETURN_TYPE = YES_ERROR;
				GCC_WARN_UNDECLARED_SELECTOR = YES;
				GCC_WARN_UNINITIALIZED_AUTOS = YES_AGGRESSIVE;
				GCC_WARN_UNUSED_FUNCTION = YES;
				GCC_WARN_UNUSED_VARIABLE = YES;
				IPHONEOS_DEPLOYMENT_TARGET = 12.1;
				MTL_ENABLE_DEBUG_INFO = NO;
				MTL_FAST_MATH = YES;
				SDKROOT = iphoneos;
				SWIFT_COMPILATION_MODE = wholemodule;
				SWIFT_OPTIMIZATION_LEVEL = "-O";
				VALIDATE_PRODUCT = YES;
			};
			name = Release;
		};
		60C7DC712224E01900205D86 /* Debug */ = {
			isa = XCBuildConfiguration;
			buildSettings = {
				ASSETCATALOG_COMPILER_APPICON_NAME = AppIcon;
				CODE_SIGN_STYLE = Automatic;
				DEVELOPMENT_TEAM = MED853AU4Q;
				INFOPLIST_FILE = BookList/Info.plist;
				LD_RUNPATH_SEARCH_PATHS = (
					"$(inherited)",
					"@executable_path/Frameworks",
				);
				PRODUCT_BUNDLE_IDENTIFIER = com.susanstevens.BookList;
				PRODUCT_NAME = "$(TARGET_NAME)";
				SWIFT_VERSION = 4.2;
				TARGETED_DEVICE_FAMILY = "1,2";
			};
			name = Debug;
		};
		60C7DC722224E01900205D86 /* Release */ = {
			isa = XCBuildConfiguration;
			buildSettings = {
				ASSETCATALOG_COMPILER_APPICON_NAME = AppIcon;
				CODE_SIGN_STYLE = Automatic;
				DEVELOPMENT_TEAM = MED853AU4Q;
				INFOPLIST_FILE = BookList/Info.plist;
				LD_RUNPATH_SEARCH_PATHS = (
					"$(inherited)",
					"@executable_path/Frameworks",
				);
				PRODUCT_BUNDLE_IDENTIFIER = com.susanstevens.BookList;
				PRODUCT_NAME = "$(TARGET_NAME)";
				SWIFT_VERSION = 4.2;
				TARGETED_DEVICE_FAMILY = "1,2";
			};
			name = Release;
		};
/* End XCBuildConfiguration section */

/* Begin XCConfigurationList section */
		60C7DC592224E01800205D86 /* Build configuration list for PBXProject "BookList" */ = {
			isa = XCConfigurationList;
			buildConfigurations = (
				60C7DC6E2224E01900205D86 /* Debug */,
				60C7DC6F2224E01900205D86 /* Release */,
			);
			defaultConfigurationIsVisible = 0;
			defaultConfigurationName = Release;
		};
		60C7DC702224E01900205D86 /* Build configuration list for PBXNativeTarget "BookList" */ = {
			isa = XCConfigurationList;
			buildConfigurations = (
				60C7DC712224E01900205D86 /* Debug */,
				60C7DC722224E01900205D86 /* Release */,
			);
			defaultConfigurationIsVisible = 0;
			defaultConfigurationName = Release;
		};
/* End XCConfigurationList section */
	};
	rootObject = 60C7DC562224E01800205D86 /* Project object */;
}
