// !$*UTF8*$!
{
	archiveVersion = 1;
	classes = {
	};
	objectVersion = 50;
	objects = {

/* Begin PBXBuildFile section */
		6073C730222C868E00E4665B /* DrawingViewController.swift in Sources */ = {isa = PBXBuildFile; fileRef = 6073C72F222C868E00E4665B /* DrawingViewController.swift */; };
		6073C732222C86E500E4665B /* Drawing.swift in Sources */ = {isa = PBXBuildFile; fileRef = 6073C731222C86E500E4665B /* Drawing.swift */; };
		60CBDB8B222C7DE600937203 /* GalleryCollectionViewController.swift in Sources */ = {isa = PBXBuildFile; fileRef = 60CBDB8A222C7DE600937203 /* GalleryCollectionViewController.swift */; };
		60CBDB8D222C7FB400937203 /* CanvasViewController.swift in Sources */ = {isa = PBXBuildFile; fileRef = 60CBDB8C222C7FB400937203 /* CanvasViewController.swift */; };
		60EB23FB222C55670045C33B /* AppDelegate.swift in Sources */ = {isa = PBXBuildFile; fileRef = 60EB23FA222C55670045C33B /* AppDelegate.swift */; };
		60EB2402222C55670045C33B /* Main.storyboard in Resources */ = {isa = PBXBuildFile; fileRef = 60EB2400222C55670045C33B /* Main.storyboard */; };
		60EB2404222C55680045C33B /* Assets.xcassets in Resources */ = {isa = PBXBuildFile; fileRef = 60EB2403222C55680045C33B /* Assets.xcassets */; };
		60EB2407222C55680045C33B /* LaunchScreen.storyboard in Resources */ = {isa = PBXBuildFile; fileRef = 60EB2405222C55680045C33B /* LaunchScreen.storyboard */; };
		60EB2413222C6F660045C33B /* CanvasView.swift in Sources */ = {isa = PBXBuildFile; fileRef = 60EB2412222C6F660045C33B /* CanvasView.swift */; };
		60FBE80022309D3C00C117B2 /* GalleryCollectionViewCell.swift in Sources */ = {isa = PBXBuildFile; fileRef = 60FBE7FF22309D3C00C117B2 /* GalleryCollectionViewCell.swift */; };
/* End PBXBuildFile section */

/* Begin PBXFileReference section */
		6073C72F222C868E00E4665B /* DrawingViewController.swift */ = {isa = PBXFileReference; lastKnownFileType = sourcecode.swift; path = DrawingViewController.swift; sourceTree = "<group>"; };
		6073C731222C86E500E4665B /* Drawing.swift */ = {isa = PBXFileReference; lastKnownFileType = sourcecode.swift; path = Drawing.swift; sourceTree = "<group>"; };
		60CBDB8A222C7DE600937203 /* GalleryCollectionViewController.swift */ = {isa = PBXFileReference; lastKnownFileType = sourcecode.swift; path = GalleryCollectionViewController.swift; sourceTree = "<group>"; };
		60CBDB8C222C7FB400937203 /* CanvasViewController.swift */ = {isa = PBXFileReference; lastKnownFileType = sourcecode.swift; path = CanvasViewController.swift; sourceTree = "<group>"; };
		60EB23F7222C55670045C33B /* CleanCodeDemo.app */ = {isa = PBXFileReference; explicitFileType = wrapper.application; includeInIndex = 0; path = CleanCodeDemo.app; sourceTree = BUILT_PRODUCTS_DIR; };
		60EB23FA222C55670045C33B /* AppDelegate.swift */ = {isa = PBXFileReference; lastKnownFileType = sourcecode.swift; path = AppDelegate.swift; sourceTree = "<group>"; };
		60EB2401222C55670045C33B /* Base */ = {isa = PBXFileReference; lastKnownFileType = file.storyboard; name = Base; path = Base.lproj/Main.storyboard; sourceTree = "<group>"; };
		60EB2403222C55680045C33B /* Assets.xcassets */ = {isa = PBXFileReference; lastKnownFileType = folder.assetcatalog; path = Assets.xcassets; sourceTree = "<group>"; };
		60EB2406222C55680045C33B /* Base */ = {isa = PBXFileReference; lastKnownFileType = file.storyboard; name = Base; path = Base.lproj/LaunchScreen.storyboard; sourceTree = "<group>"; };
		60EB2408222C55680045C33B /* Info.plist */ = {isa = PBXFileReference; lastKnownFileType = text.plist.xml; path = Info.plist; sourceTree = "<group>"; };
		60EB2412222C6F660045C33B /* CanvasView.swift */ = {isa = PBXFileReference; lastKnownFileType = sourcecode.swift; path = CanvasView.swift; sourceTree = "<group>"; };
		60FBE7FF22309D3C00C117B2 /* GalleryCollectionViewCell.swift */ = {isa = PBXFileReference; lastKnownFileType = sourcecode.swift; path = GalleryCollectionViewCell.swift; sourceTree = "<group>"; };
/* End PBXFileReference section */

/* Begin PBXFrameworksBuildPhase section */
		60EB23F4222C55670045C33B /* Frameworks */ = {
			isa = PBXFrameworksBuildPhase;
			buildActionMask = 2147483647;
			files = (
			);
			runOnlyForDeploymentPostprocessing = 0;
		};
/* End PBXFrameworksBuildPhase section */

/* Begin PBXGroup section */
		60EB23EE222C55670045C33B = {
			isa = PBXGroup;
			children = (
				60EB23F9222C55670045C33B /* CleanCodeDemo */,
				60EB23F8222C55670045C33B /* Products */,
			);
			sourceTree = "<group>";
		};
		60EB23F8222C55670045C33B /* Products */ = {
			isa = PBXGroup;
			children = (
				60EB23F7222C55670045C33B /* CleanCodeDemo.app */,
			);
			name = Products;
			sourceTree = "<group>";
		};
		60EB23F9222C55670045C33B /* CleanCodeDemo */ = {
			isa = PBXGroup;
			children = (
				60FBE7FC22309AF500C117B2 /* Gallery */,
				60FBE7FD22309B0200C117B2 /* Canvas */,
				60FBE7FE22309B1400C117B2 /* Drawing */,
				60EB23FA222C55670045C33B /* AppDelegate.swift */,
				60EB2400222C55670045C33B /* Main.storyboard */,
				60EB2403222C55680045C33B /* Assets.xcassets */,
				60EB2405222C55680045C33B /* LaunchScreen.storyboard */,
				60EB2408222C55680045C33B /* Info.plist */,
			);
			path = CleanCodeDemo;
			sourceTree = "<group>";
		};
		60FBE7FC22309AF500C117B2 /* Gallery */ = {
			isa = PBXGroup;
			children = (
				60CBDB8A222C7DE600937203 /* GalleryCollectionViewController.swift */,
				60FBE7FF22309D3C00C117B2 /* GalleryCollectionViewCell.swift */,
			);
			path = Gallery;
			sourceTree = "<group>";
		};
		60FBE7FD22309B0200C117B2 /* Canvas */ = {
			isa = PBXGroup;
			children = (
				60EB2412222C6F660045C33B /* CanvasView.swift */,
				60CBDB8C222C7FB400937203 /* CanvasViewController.swift */,
			);
			path = Canvas;
			sourceTree = "<group>";
		};
		60FBE7FE22309B1400C117B2 /* Drawing */ = {
			isa = PBXGroup;
			children = (
				6073C72F222C868E00E4665B /* DrawingViewController.swift */,
				6073C731222C86E500E4665B /* Drawing.swift */,
			);
			path = Drawing;
			sourceTree = "<group>";
		};
/* End PBXGroup section */

/* Begin PBXNativeTarget section */
		60EB23F6222C55670045C33B /* CleanCodeDemo */ = {
			isa = PBXNativeTarget;
			buildConfigurationList = 60EB240B222C55680045C33B /* Build configuration list for PBXNativeTarget "CleanCodeDemo" */;
			buildPhases = (
				60EB23F3222C55670045C33B /* Sources */,
				60EB23F4222C55670045C33B /* Frameworks */,
				60EB23F5222C55670045C33B /* Resources */,
			);
			buildRules = (
			);
			dependencies = (
			);
			name = CleanCodeDemo;
			productName = CleanCodeDemo;
			productReference = 60EB23F7222C55670045C33B /* CleanCodeDemo.app */;
			productType = "com.apple.product-type.application";
		};
/* End PBXNativeTarget section */

/* Begin PBXProject section */
		60EB23EF222C55670045C33B /* Project object */ = {
			isa = PBXProject;
			attributes = {
				LastSwiftUpdateCheck = 1010;
				LastUpgradeCheck = 1010;
				ORGANIZATIONNAME = "Susan Stevens";
				TargetAttributes = {
					60EB23F6222C55670045C33B = {
						CreatedOnToolsVersion = 10.1;
					};
				};
			};
			buildConfigurationList = 60EB23F2222C55670045C33B /* Build configuration list for PBXProject "CleanCodeDemo" */;
			compatibilityVersion = "Xcode 9.3";
			developmentRegion = en;
			hasScannedForEncodings = 0;
			knownRegions = (
				en,
				Base,
			);
			mainGroup = 60EB23EE222C55670045C33B;
			productRefGroup = 60EB23F8222C55670045C33B /* Products */;
			projectDirPath = "";
			projectRoot = "";
			targets = (
				60EB23F6222C55670045C33B /* CleanCodeDemo */,
			);
		};
/* End PBXProject section */

/* Begin PBXResourcesBuildPhase section */
		60EB23F5222C55670045C33B /* Resources */ = {
			isa = PBXResourcesBuildPhase;
			buildActionMask = 2147483647;
			files = (
				60EB2407222C55680045C33B /* LaunchScreen.storyboard in Resources */,
				60EB2404222C55680045C33B /* Assets.xcassets in Resources */,
				60EB2402222C55670045C33B /* Main.storyboard in Resources */,
			);
			runOnlyForDeploymentPostprocessing = 0;
		};
/* End PBXResourcesBuildPhase section */

/* Begin PBXSourcesBuildPhase section */
		60EB23F3222C55670045C33B /* Sources */ = {
			isa = PBXSourcesBuildPhase;
			buildActionMask = 2147483647;
			files = (
				60CBDB8B222C7DE600937203 /* GalleryCollectionViewController.swift in Sources */,
				60EB2413222C6F660045C33B /* CanvasView.swift in Sources */,
				6073C730222C868E00E4665B /* DrawingViewController.swift in Sources */,
				6073C732222C86E500E4665B /* Drawing.swift in Sources */,
				60EB23FB222C55670045C33B /* AppDelegate.swift in Sources */,
				60FBE80022309D3C00C117B2 /* GalleryCollectionViewCell.swift in Sources */,
				60CBDB8D222C7FB400937203 /* CanvasViewController.swift in Sources */,
			);
			runOnlyForDeploymentPostprocessing = 0;
		};
/* End PBXSourcesBuildPhase section */

/* Begin PBXVariantGroup section */
		60EB2400222C55670045C33B /* Main.storyboard */ = {
			isa = PBXVariantGroup;
			children = (
				60EB2401222C55670045C33B /* Base */,
			);
			name = Main.storyboard;
			sourceTree = "<group>";
		};
		60EB2405222C55680045C33B /* LaunchScreen.storyboard */ = {
			isa = PBXVariantGroup;
			children = (
				60EB2406222C55680045C33B /* Base */,
			);
			name = LaunchScreen.storyboard;
			sourceTree = "<group>";
		};
/* End PBXVariantGroup section */

/* Begin XCBuildConfiguration section */
		60EB2409222C55680045C33B /* Debug */ = {
			isa = XCBuildConfiguration;
			buildSettings = {
				ALWAYS_SEARCH_USER_PATHS = NO;
				CLANG_ANALYZER_NONNULL = YES;
				CLANG_ANALYZER_NUMBER_OBJECT_CONVERSION = YES_AGGRESSIVE;
				CLANG_CXX_LANGUAGE_STANDARD = "gnu++14";
				CLANG_CXX_LIBRARY = "libc++";
				CLANG_ENABLE_MODULES = YES;
				CLANG_ENABLE_OBJC_ARC = YES;
				CLANG_ENABLE_OBJC_WEAK = YES;
				CLANG_WARN_BLOCK_CAPTURE_AUTORELEASING = YES;
				CLANG_WARN_BOOL_CONVERSION = YES;
				CLANG_WARN_COMMA = YES;
				CLANG_WARN_CONSTANT_CONVERSION = YES;
				CLANG_WARN_DEPRECATED_OBJC_IMPLEMENTATIONS = YES;
				CLANG_WARN_DIRECT_OBJC_ISA_USAGE = YES_ERROR;
				CLANG_WARN_DOCUMENTATION_COMMENTS = YES;
				CLANG_WARN_EMPTY_BODY = YES;
				CLANG_WARN_ENUM_CONVERSION = YES;
				CLANG_WARN_INFINITE_RECURSION = YES;
				CLANG_WARN_INT_CONVERSION = YES;
				CLANG_WARN_NON_LITERAL_NULL_CONVERSION = YES;
				CLANG_WARN_OBJC_IMPLICIT_RETAIN_SELF = YES;
				CLANG_WARN_OBJC_LITERAL_CONVERSION = YES;
				CLANG_WARN_OBJC_ROOT_CLASS = YES_ERROR;
				CLANG_WARN_RANGE_LOOP_ANALYSIS = YES;
				CLANG_WARN_STRICT_PROTOTYPES = YES;
				CLANG_WARN_SUSPICIOUS_MOVE = YES;
				CLANG_WARN_UNGUARDED_AVAILABILITY = YES_AGGRESSIVE;
				CLANG_WARN_UNREACHABLE_CODE = YES;
				CLANG_WARN__DUPLICATE_METHOD_MATCH = YES;
				CODE_SIGN_IDENTITY = "iPhone Developer";
				COPY_PHASE_STRIP = NO;
				DEBUG_INFORMATION_FORMAT = dwarf;
				ENABLE_STRICT_OBJC_MSGSEND = YES;
				ENABLE_TESTABILITY = YES;
				GCC_C_LANGUAGE_STANDARD = gnu11;
				GCC_DYNAMIC_NO_PIC = NO;
				GCC_NO_COMMON_BLOCKS = YES;
				GCC_OPTIMIZATION_LEVEL = 0;
				GCC_PREPROCESSOR_DEFINITIONS = (
					"DEBUG=1",
					"$(inherited)",
				);
				GCC_WARN_64_TO_32_BIT_CONVERSION = YES;
				GCC_WARN_ABOUT_RETURN_TYPE = YES_ERROR;
				GCC_WARN_UNDECLARED_SELECTOR = YES;
				GCC_WARN_UNINITIALIZED_AUTOS = YES_AGGRESSIVE;
				GCC_WARN_UNUSED_FUNCTION = YES;
				GCC_WARN_UNUSED_VARIABLE = YES;
				IPHONEOS_DEPLOYMENT_TARGET = 12.1;
				MTL_ENABLE_DEBUG_INFO = INCLUDE_SOURCE;
				MTL_FAST_MATH = YES;
				ONLY_ACTIVE_ARCH = YES;
				SDKROOT = iphoneos;
				SWIFT_ACTIVE_COMPILATION_CONDITIONS = DEBUG;
				SWIFT_OPTIMIZATION_LEVEL = "-Onone";
			};
			name = Debug;
		};
		60EB240A222C55680045C33B /* Release */ = {
			isa = XCBuildConfiguration;
			buildSettings = {
				ALWAYS_SEARCH_USER_PATHS = NO;
				CLANG_ANALYZER_NONNULL = YES;
				CLANG_ANALYZER_NUMBER_OBJECT_CONVERSION = YES_AGGRESSIVE;
				CLANG_CXX_LANGUAGE_STANDARD = "gnu++14";
				CLANG_CXX_LIBRARY = "libc++";
				CLANG_ENABLE_MODULES = YES;
				CLANG_ENABLE_OBJC_ARC = YES;
				CLANG_ENABLE_OBJC_WEAK = YES;
				CLANG_WARN_BLOCK_CAPTURE_AUTORELEASING = YES;
				CLANG_WARN_BOOL_CONVERSION = YES;
				CLANG_WARN_COMMA = YES;
				CLANG_WARN_CONSTANT_CONVERSION = YES;
				CLANG_WARN_DEPRECATED_OBJC_IMPLEMENTATIONS = YES;
				CLANG_WARN_DIRECT_OBJC_ISA_USAGE = YES_ERROR;
				CLANG_WARN_DOCUMENTATION_COMMENTS = YES;
				CLANG_WARN_EMPTY_BODY = YES;
				CLANG_WARN_ENUM_CONVERSION = YES;
				CLANG_WARN_INFINITE_RECURSION = YES;
				CLANG_WARN_INT_CONVERSION = YES;
				CLANG_WARN_NON_LITERAL_NULL_CONVERSION = YES;
				CLANG_WARN_OBJC_IMPLICIT_RETAIN_SELF = YES;
				CLANG_WARN_OBJC_LITERAL_CONVERSION = YES;
				CLANG_WARN_OBJC_ROOT_CLASS = YES_ERROR;
				CLANG_WARN_RANGE_LOOP_ANALYSIS = YES;
				CLANG_WARN_STRICT_PROTOTYPES = YES;
				CLANG_WARN_SUSPICIOUS_MOVE = YES;
				CLANG_WARN_UNGUARDED_AVAILABILITY = YES_AGGRESSIVE;
				CLANG_WARN_UNREACHABLE_CODE = YES;
				CLANG_WARN__DUPLICATE_METHOD_MATCH = YES;
				CODE_SIGN_IDENTITY = "iPhone Developer";
				COPY_PHASE_STRIP = NO;
				DEBUG_INFORMATION_FORMAT = "dwarf-with-dsym";
				ENABLE_NS_ASSERTIONS = NO;
				ENABLE_STRICT_OBJC_MSGSEND = YES;
				GCC_C_LANGUAGE_STANDARD = gnu11;
				GCC_NO_COMMON_BLOCKS = YES;
				GCC_WARN_64_TO_32_BIT_CONVERSION = YES;
				GCC_WARN_ABOUT_RETURN_TYPE = YES_ERROR;
				GCC_WARN_UNDECLARED_SELECTOR = YES;
				GCC_WARN_UNINITIALIZED_AUTOS = YES_AGGRESSIVE;
				GCC_WARN_UNUSED_FUNCTION = YES;
				GCC_WARN_UNUSED_VARIABLE = YES;
				IPHONEOS_DEPLOYMENT_TARGET = 12.1;
				MTL_ENABLE_DEBUG_INFO = NO;
				MTL_FAST_MATH = YES;
				SDKROOT = iphoneos;
				SWIFT_COMPILATION_MODE = wholemodule;
				SWIFT_OPTIMIZATION_LEVEL = "-O";
				VALIDATE_PRODUCT = YES;
			};
			name = Release;
		};
		60EB240C222C55680045C33B /* Debug */ = {
			isa = XCBuildConfiguration;
			buildSettings = {
				ASSETCATALOG_COMPILER_APPICON_NAME = AppIcon;
				CODE_SIGN_STYLE = Automatic;
				DEVELOPMENT_TEAM = MED853AU4Q;
				INFOPLIST_FILE = CleanCodeDemo/Info.plist;
				LD_RUNPATH_SEARCH_PATHS = (
					"$(inherited)",
					"@executable_path/Frameworks",
				);
				PRODUCT_BUNDLE_IDENTIFIER = com.susanstevens.CleanCodeDemo;
				PRODUCT_NAME = "$(TARGET_NAME)";
				SWIFT_VERSION = 4.2;
				TARGETED_DEVICE_FAMILY = "1,2";
			};
			name = Debug;
		};
		60EB240D222C55680045C33B /* Release */ = {
			isa = XCBuildConfiguration;
			buildSettings = {
				ASSETCATALOG_COMPILER_APPICON_NAME = AppIcon;
				CODE_SIGN_STYLE = Automatic;
				DEVELOPMENT_TEAM = MED853AU4Q;
				INFOPLIST_FILE = CleanCodeDemo/Info.plist;
				LD_RUNPATH_SEARCH_PATHS = (
					"$(inherited)",
					"@executable_path/Frameworks",
				);
				PRODUCT_BUNDLE_IDENTIFIER = com.susanstevens.CleanCodeDemo;
				PRODUCT_NAME = "$(TARGET_NAME)";
				SWIFT_VERSION = 4.2;
				TARGETED_DEVICE_FAMILY = "1,2";
			};
			name = Release;
		};
/* End XCBuildConfiguration section */

/* Begin XCConfigurationList section */
		60EB23F2222C55670045C33B /* Build configuration list for PBXProject "CleanCodeDemo" */ = {
			isa = XCConfigurationList;
			buildConfigurations = (
				60EB2409222C55680045C33B /* Debug */,
				60EB240A222C55680045C33B /* Release */,
			);
			defaultConfigurationIsVisible = 0;
			defaultConfigurationName = Release;
		};
		60EB240B222C55680045C33B /* Build configuration list for PBXNativeTarget "CleanCodeDemo" */ = {
			isa = XCConfigurationList;
			buildConfigurations = (
				60EB240C222C55680045C33B /* Debug */,
				60EB240D222C55680045C33B /* Release */,
			);
			defaultConfigurationIsVisible = 0;
			defaultConfigurationName = Release;
		};
/* End XCConfigurationList section */
	};
	rootObject = 60EB23EF222C55670045C33B /* Project object */;
}
