// !$*UTF8*$!
{
	archiveVersion = 1;
	classes = {
	};
	objectVersion = 50;
	objects = {

/* Begin PBXBuildFile section */
		604F2BEF221A5D0600850337 /* AppDelegate.swift in Sources */ = {isa = PBXBuildFile; fileRef = 604F2BEE221A5D0600850337 /* AppDelegate.swift */; };
		604F2BF1221A5D0600850337 /* ViewController.swift in Sources */ = {isa = PBXBuildFile; fileRef = 604F2BF0221A5D0600850337 /* ViewController.swift */; };
		604F2BF4221A5D0600850337 /* Main.storyboard in Resources */ = {isa = PBXBuildFile; fileRef = 604F2BF2221A5D0600850337 /* Main.storyboard */; };
		604F2BF6221A5D0700850337 /* Assets.xcassets in Resources */ = {isa = PBXBuildFile; fileRef = 604F2BF5221A5D0700850337 /* Assets.xcassets */; };
		604F2BF9221A5D0700850337 /* LaunchScreen.storyboard in Resources */ = {isa = PBXBuildFile; fileRef = 604F2BF7221A5D0700850337 /* LaunchScreen.storyboard */; };
		604F2C01221A5DCE00850337 /* RatingControl.swift in Sources */ = {isa = PBXBuildFile; fileRef = 604F2C00221A5DCE00850337 /* RatingControl.swift */; };
/* End PBXBuildFile section */

/* Begin PBXFileReference section */
		604F2BEB221A5D0600850337 /* RestaurantReviewsStarter.app */ = {isa = PBXFileReference; explicitFileType = wrapper.application; includeInIndex = 0; path = RestaurantReviewsStarter.app; sourceTree = BUILT_PRODUCTS_DIR; };
		604F2BEE221A5D0600850337 /* AppDelegate.swift */ = {isa = PBXFileReference; lastKnownFileType = sourcecode.swift; path = AppDelegate.swift; sourceTree = "<group>"; };
		604F2BF0221A5D0600850337 /* ViewController.swift */ = {isa = PBXFileReference; lastKnownFileType = sourcecode.swift; path = ViewController.swift; sourceTree = "<group>"; };
		604F2BF3221A5D0600850337 /* Base */ = {isa = PBXFileReference; lastKnownFileType = file.storyboard; name = Base; path = Base.lproj/Main.storyboard; sourceTree = "<group>"; };
		604F2BF5221A5D0700850337 /* Assets.xcassets */ = {isa = PBXFileReference; lastKnownFileType = folder.assetcatalog; path = Assets.xcassets; sourceTree = "<group>"; };
		604F2BF8221A5D0700850337 /* Base */ = {isa = PBXFileReference; lastKnownFileType = file.storyboard; name = Base; path = Base.lproj/LaunchScreen.storyboard; sourceTree = "<group>"; };
		604F2BFA221A5D0700850337 /* Info.plist */ = {isa = PBXFileReference; lastKnownFileType = text.plist.xml; path = Info.plist; sourceTree = "<group>"; };
		604F2C00221A5DCE00850337 /* RatingControl.swift */ = {isa = PBXFileReference; lastKnownFileType = sourcecode.swift; path = RatingControl.swift; sourceTree = "<group>"; };
/* End PBXFileReference section */

/* Begin PBXFrameworksBuildPhase section */
		604F2BE8221A5D0600850337 /* Frameworks */ = {
			isa = PBXFrameworksBuildPhase;
			buildActionMask = 2147483647;
			files = (
			);
			runOnlyForDeploymentPostprocessing = 0;
		};
/* End PBXFrameworksBuildPhase section */

/* Begin PBXGroup section */
		604F2BE2221A5D0600850337 = {
			isa = PBXGroup;
			children = (
				604F2BED221A5D0600850337 /* RestaurantReviewsStarter */,
				604F2BEC221A5D0600850337 /* Products */,
			);
			sourceTree = "<group>";
		};
		604F2BEC221A5D0600850337 /* Products */ = {
			isa = PBXGroup;
			children = (
				604F2BEB221A5D0600850337 /* RestaurantReviewsStarter.app */,
			);
			name = Products;
			sourceTree = "<group>";
		};
		604F2BED221A5D0600850337 /* RestaurantReviewsStarter */ = {
			isa = PBXGroup;
			children = (
				604F2BEE221A5D0600850337 /* AppDelegate.swift */,
				604F2BF0221A5D0600850337 /* ViewController.swift */,
				604F2C00221A5DCE00850337 /* RatingControl.swift */,
				604F2BF2221A5D0600850337 /* Main.storyboard */,
				604F2BF5221A5D0700850337 /* Assets.xcassets */,
				604F2BF7221A5D0700850337 /* LaunchScreen.storyboard */,
				604F2BFA221A5D0700850337 /* Info.plist */,
			);
			path = RestaurantReviewsStarter;
			sourceTree = "<group>";
		};
/* End PBXGroup section */

/* Begin PBXNativeTarget section */
		604F2BEA221A5D0600850337 /* RestaurantReviewsStarter */ = {
			isa = PBXNativeTarget;
			buildConfigurationList = 604F2BFD221A5D0700850337 /* Build configuration list for PBXNativeTarget "RestaurantReviewsStarter" */;
			buildPhases = (
				604F2BE7221A5D0600850337 /* Sources */,
				604F2BE8221A5D0600850337 /* Frameworks */,
				604F2BE9221A5D0600850337 /* Resources */,
			);
			buildRules = (
			);
			dependencies = (
			);
			name = RestaurantReviewsStarter;
			productName = RestaurantReviewsStarter;
			productReference = 604F2BEB221A5D0600850337 /* RestaurantReviewsStarter.app */;
			productType = "com.apple.product-type.application";
		};
/* End PBXNativeTarget section */

/* Begin PBXProject section */
		604F2BE3221A5D0600850337 /* Project object */ = {
			isa = PBXProject;
			attributes = {
				LastSwiftUpdateCheck = 1010;
				LastUpgradeCheck = 1010;
				ORGANIZATIONNAME = "Susan Stevens";
				TargetAttributes = {
					604F2BEA221A5D0600850337 = {
						CreatedOnToolsVersion = 10.1;
					};
				};
			};
			buildConfigurationList = 604F2BE6221A5D0600850337 /* Build configuration list for PBXProject "RestaurantReviewsStarter" */;
			compatibilityVersion = "Xcode 9.3";
			developmentRegion = en;
			hasScannedForEncodings = 0;
			knownRegions = (
				en,
				Base,
			);
			mainGroup = 604F2BE2221A5D0600850337;
			productRefGroup = 604F2BEC221A5D0600850337 /* Products */;
			projectDirPath = "";
			projectRoot = "";
			targets = (
				604F2BEA221A5D0600850337 /* RestaurantReviewsStarter */,
			);
		};
/* End PBXProject section */

/* Begin PBXResourcesBuildPhase section */
		604F2BE9221A5D0600850337 /* Resources */ = {
			isa = PBXResourcesBuildPhase;
			buildActionMask = 2147483647;
			files = (
				604F2BF9221A5D0700850337 /* LaunchScreen.storyboard in Resources */,
				604F2BF6221A5D0700850337 /* Assets.xcassets in Resources */,
				604F2BF4221A5D0600850337 /* Main.storyboard in Resources */,
			);
			runOnlyForDeploymentPostprocessing = 0;
		};
/* End PBXResourcesBuildPhase section */

/* Begin PBXSourcesBuildPhase section */
		604F2BE7221A5D0600850337 /* Sources */ = {
			isa = PBXSourcesBuildPhase;
			buildActionMask = 2147483647;
			files = (
				604F2BF1221A5D0600850337 /* ViewController.swift in Sources */,
				604F2C01221A5DCE00850337 /* RatingControl.swift in Sources */,
				604F2BEF221A5D0600850337 /* AppDelegate.swift in Sources */,
			);
			runOnlyForDeploymentPostprocessing = 0;
		};
/* End PBXSourcesBuildPhase section */

/* Begin PBXVariantGroup section */
		604F2BF2221A5D0600850337 /* Main.storyboard */ = {
			isa = PBXVariantGroup;
			children = (
				604F2BF3221A5D0600850337 /* Base */,
			);
			name = Main.storyboard;
			sourceTree = "<group>";
		};
		604F2BF7221A5D0700850337 /* LaunchScreen.storyboard */ = {
			isa = PBXVariantGroup;
			children = (
				604F2BF8221A5D0700850337 /* Base */,
			);
			name = LaunchScreen.storyboard;
			sourceTree = "<group>";
		};
/* End PBXVariantGroup section */

/* Begin XCBuildConfiguration section */
		604F2BFB221A5D0700850337 /* Debug */ = {
			isa = XCBuildConfiguration;
			buildSettings = {
				ALWAYS_SEARCH_USER_PATHS = NO;
				CLANG_ANALYZER_NONNULL = YES;
				CLANG_ANALYZER_NUMBER_OBJECT_CONVERSION = YES_AGGRESSIVE;
				CLANG_CXX_LANGUAGE_STANDARD = "gnu++14";
				CLANG_CXX_LIBRARY = "libc++";
				CLANG_ENABLE_MODULES = YES;
				CLANG_ENABLE_OBJC_ARC = YES;
				CLANG_ENABLE_OBJC_WEAK = YES;
				CLANG_WARN_BLOCK_CAPTURE_AUTORELEASING = YES;
				CLANG_WARN_BOOL_CONVERSION = YES;
				CLANG_WARN_COMMA = YES;
				CLANG_WARN_CONSTANT_CONVERSION = YES;
				CLANG_WARN_DEPRECATED_OBJC_IMPLEMENTATIONS = YES;
				CLANG_WARN_DIRECT_OBJC_ISA_USAGE = YES_ERROR;
				CLANG_WARN_DOCUMENTATION_COMMENTS = YES;
				CLANG_WARN_EMPTY_BODY = YES;
				CLANG_WARN_ENUM_CONVERSION = YES;
				CLANG_WARN_INFINITE_RECURSION = YES;
				CLANG_WARN_INT_CONVERSION = YES;
				CLANG_WARN_NON_LITERAL_NULL_CONVERSION = YES;
				CLANG_WARN_OBJC_IMPLICIT_RETAIN_SELF = YES;
				CLANG_WARN_OBJC_LITERAL_CONVERSION = YES;
				CLANG_WARN_OBJC_ROOT_CLASS = YES_ERROR;
				CLANG_WARN_RANGE_LOOP_ANALYSIS = YES;
				CLANG_WARN_STRICT_PROTOTYPES = YES;
				CLANG_WARN_SUSPICIOUS_MOVE = YES;
				CLANG_WARN_UNGUARDED_AVAILABILITY = YES_AGGRESSIVE;
				CLANG_WARN_UNREACHABLE_CODE = YES;
				CLANG_WARN__DUPLICATE_METHOD_MATCH = YES;
				CODE_SIGN_IDENTITY = "iPhone Developer";
				COPY_PHASE_STRIP = NO;
				DEBUG_INFORMATION_FORMAT = dwarf;
				ENABLE_STRICT_OBJC_MSGSEND = YES;
				ENABLE_TESTABILITY = YES;
				GCC_C_LANGUAGE_STANDARD = gnu11;
				GCC_DYNAMIC_NO_PIC = NO;
				GCC_NO_COMMON_BLOCKS = YES;
				GCC_OPTIMIZATION_LEVEL = 0;
				GCC_PREPROCESSOR_DEFINITIONS = (
					"DEBUG=1",
					"$(inherited)",
				);
				GCC_WARN_64_TO_32_BIT_CONVERSION = YES;
				GCC_WARN_ABOUT_RETURN_TYPE = YES_ERROR;
				GCC_WARN_UNDECLARED_SELECTOR = YES;
				GCC_WARN_UNINITIALIZED_AUTOS = YES_AGGRESSIVE;
				GCC_WARN_UNUSED_FUNCTION = YES;
				GCC_WARN_UNUSED_VARIABLE = YES;
				IPHONEOS_DEPLOYMENT_TARGET = 12.1;
				MTL_ENABLE_DEBUG_INFO = INCLUDE_SOURCE;
				MTL_FAST_MATH = YES;
				ONLY_ACTIVE_ARCH = YES;
				SDKROOT = iphoneos;
				SWIFT_ACTIVE_COMPILATION_CONDITIONS = DEBUG;
				SWIFT_OPTIMIZATION_LEVEL = "-Onone";
			};
			name = Debug;
		};
		604F2BFC221A5D0700850337 /* Release */ = {
			isa = XCBuildConfiguration;
			buildSettings = {
				ALWAYS_SEARCH_USER_PATHS = NO;
				CLANG_ANALYZER_NONNULL = YES;
				CLANG_ANALYZER_NUMBER_OBJECT_CONVERSION = YES_AGGRESSIVE;
				CLANG_CXX_LANGUAGE_STANDARD = "gnu++14";
				CLANG_CXX_LIBRARY = "libc++";
				CLANG_ENABLE_MODULES = YES;
				CLANG_ENABLE_OBJC_ARC = YES;
				CLANG_ENABLE_OBJC_WEAK = YES;
				CLANG_WARN_BLOCK_CAPTURE_AUTORELEASING = YES;
				CLANG_WARN_BOOL_CONVERSION = YES;
				CLANG_WARN_COMMA = YES;
				CLANG_WARN_CONSTANT_CONVERSION = YES;
				CLANG_WARN_DEPRECATED_OBJC_IMPLEMENTATIONS = YES;
				CLANG_WARN_DIRECT_OBJC_ISA_USAGE = YES_ERROR;
				CLANG_WARN_DOCUMENTATION_COMMENTS = YES;
				CLANG_WARN_EMPTY_BODY = YES;
				CLANG_WARN_ENUM_CONVERSION = YES;
				CLANG_WARN_INFINITE_RECURSION = YES;
				CLANG_WARN_INT_CONVERSION = YES;
				CLANG_WARN_NON_LITERAL_NULL_CONVERSION = YES;
				CLANG_WARN_OBJC_IMPLICIT_RETAIN_SELF = YES;
				CLANG_WARN_OBJC_LITERAL_CONVERSION = YES;
				CLANG_WARN_OBJC_ROOT_CLASS = YES_ERROR;
				CLANG_WARN_RANGE_LOOP_ANALYSIS = YES;
				CLANG_WARN_STRICT_PROTOTYPES = YES;
				CLANG_WARN_SUSPICIOUS_MOVE = YES;
				CLANG_WARN_UNGUARDED_AVAILABILITY = YES_AGGRESSIVE;
				CLANG_WARN_UNREACHABLE_CODE = YES;
				CLANG_WARN__DUPLICATE_METHOD_MATCH = YES;
				CODE_SIGN_IDENTITY = "iPhone Developer";
				COPY_PHASE_STRIP = NO;
				DEBUG_INFORMATION_FORMAT = "dwarf-with-dsym";
				ENABLE_NS_ASSERTIONS = NO;
				ENABLE_STRICT_OBJC_MSGSEND = YES;
				GCC_C_LANGUAGE_STANDARD = gnu11;
				GCC_NO_COMMON_BLOCKS = YES;
				GCC_WARN_64_TO_32_BIT_CONVERSION = YES;
				GCC_WARN_ABOUT_RETURN_TYPE = YES_ERROR;
				GCC_WARN_UNDECLARED_SELECTOR = YES;
				GCC_WARN_UNINITIALIZED_AUTOS = YES_AGGRESSIVE;
				GCC_WARN_UNUSED_FUNCTION = YES;
				GCC_WARN_UNUSED_VARIABLE = YES;
				IPHONEOS_DEPLOYMENT_TARGET = 12.1;
				MTL_ENABLE_DEBUG_INFO = NO;
				MTL_FAST_MATH = YES;
				SDKROOT = iphoneos;
				SWIFT_COMPILATION_MODE = wholemodule;
				SWIFT_OPTIMIZATION_LEVEL = "-O";
				VALIDATE_PRODUCT = YES;
			};
			name = Release;
		};
		604F2BFE221A5D0700850337 /* Debug */ = {
			isa = XCBuildConfiguration;
			buildSettings = {
				ASSETCATALOG_COMPILER_APPICON_NAME = AppIcon;
				CODE_SIGN_STYLE = Automatic;
				DEVELOPMENT_TEAM = MED853AU4Q;
				INFOPLIST_FILE = RestaurantReviewsStarter/Info.plist;
				LD_RUNPATH_SEARCH_PATHS = (
					"$(inherited)",
					"@executable_path/Frameworks",
				);
				PRODUCT_BUNDLE_IDENTIFIER = com.susanstevens.RestaurantReviewsStarter;
				PRODUCT_NAME = "$(TARGET_NAME)";
				SWIFT_VERSION = 4.2;
				TARGETED_DEVICE_FAMILY = "1,2";
			};
			name = Debug;
		};
		604F2BFF221A5D0700850337 /* Release */ = {
			isa = XCBuildConfiguration;
			buildSettings = {
				ASSETCATALOG_COMPILER_APPICON_NAME = AppIcon;
				CODE_SIGN_STYLE = Automatic;
				DEVELOPMENT_TEAM = MED853AU4Q;
				INFOPLIST_FILE = RestaurantReviewsStarter/Info.plist;
				LD_RUNPATH_SEARCH_PATHS = (
					"$(inherited)",
					"@executable_path/Frameworks",
				);
				PRODUCT_BUNDLE_IDENTIFIER = com.susanstevens.RestaurantReviewsStarter;
				PRODUCT_NAME = "$(TARGET_NAME)";
				SWIFT_VERSION = 4.2;
				TARGETED_DEVICE_FAMILY = "1,2";
			};
			name = Release;
		};
/* End XCBuildConfiguration section */

/* Begin XCConfigurationList section */
		604F2BE6221A5D0600850337 /* Build configuration list for PBXProject "RestaurantReviewsStarter" */ = {
			isa = XCConfigurationList;
			buildConfigurations = (
				604F2BFB221A5D0700850337 /* Debug */,
				604F2BFC221A5D0700850337 /* Release */,
			);
			defaultConfigurationIsVisible = 0;
			defaultConfigurationName = Release;
		};
		604F2BFD221A5D0700850337 /* Build configuration list for PBXNativeTarget "RestaurantReviewsStarter" */ = {
			isa = XCConfigurationList;
			buildConfigurations = (
				604F2BFE221A5D0700850337 /* Debug */,
				604F2BFF221A5D0700850337 /* Release */,
			);
			defaultConfigurationIsVisible = 0;
			defaultConfigurationName = Release;
		};
/* End XCConfigurationList section */
	};
	rootObject = 604F2BE3221A5D0600850337 /* Project object */;
}
